
Microsoft Visual Studio Solution File, Format Version 12.00
# Visual Studio Version 16
VisualStudioVersion = 16.0.29709.97
MinimumVisualStudioVersion = 10.0.40219.1
Project("{FAE04EC0-301F-11D3-BF4B-00C04F79EFBC}") = "ConsoleApp1", "ConsoleApp1.csproj", "{E96BA9CA-968D-4912-AF2F-7368C4A8E821}"
EndProject
Global
	GlobalSection(SolutionConfigurationPlatforms) = preSolution
		Debug|Any CPU = Debug|Any CPU
		Release|Any CPU = Release|Any CPU
	EndGlobalSection
	GlobalSection(ProjectConfigurationPlatforms) = postSolution
		{E96BA9CA-968D-4912-AF2F-7368C4A8E821}.Debug|Any CPU.ActiveCfg = Debug|Any CPU
		{E96BA9CA-968D-4912-AF2F-7368C4A8E821}.Debug|Any CPU.Build.0 = Debug|Any CPU
		{E96BA9CA-968D-4912-AF2F-7368C4A8E821}.Release|Any CPU.ActiveCfg = Release|Any CPU
		{E96BA9CA-968D-4912-AF2F-7368C4A8E821}.Release|Any CPU.Build.0 = Release|Any CPU
	EndGlobalSection
	GlobalSection(SolutionProperties) = preSolution
		HideSolutionNode = FALSE
	EndGlobalSection
	GlobalSection(ExtensibilityGlobals) = postSolution
		SolutionGuid = {CC55F53B-5085-4E1D-975A-3B8573F3079F}
	EndGlobalSection
EndGlobal
