
Microsoft Visual Studio Solution File, Format Version 12.00
# Visual Studio Version 16
VisualStudioVersion = 16.0.30413.136
MinimumVisualStudioVersion = 10.0.40219.1
Project("{FAE04EC0-301F-11D3-BF4B-00C04F79EFBC}") = "TestNested", "TestNested\TestNested.csproj", "{15EF0EC8-58CE-4131-98A5-76913390D90D}"
EndProject
Global
	GlobalSection(SolutionConfigurationPlatforms) = preSolution
		Debug|Any CPU = Debug|Any CPU
		Release|Any CPU = Release|Any CPU
	EndGlobalSection
	GlobalSection(ProjectConfigurationPlatforms) = postSolution
		{15EF0EC8-58CE-4131-98A5-76913390D90D}.Debug|Any CPU.ActiveCfg = Debug|Any CPU
		{15EF0EC8-58CE-4131-98A5-76913390D90D}.Debug|Any CPU.Build.0 = Debug|Any CPU
		{15EF0EC8-58CE-4131-98A5-76913390D90D}.Release|Any CPU.ActiveCfg = Release|Any CPU
		{15EF0EC8-58CE-4131-98A5-76913390D90D}.Release|Any CPU.Build.0 = Release|Any CPU
	EndGlobalSection
	GlobalSection(SolutionProperties) = preSolution
		HideSolutionNode = FALSE
	EndGlobalSection
	GlobalSection(ExtensibilityGlobals) = postSolution
		SolutionGuid = {DBA7A00A-1A7E-46D5-BE23-C957ECA75F18}
	EndGlobalSection
EndGlobal
