
Microsoft Visual Studio Solution File, Format Version 12.00
# Visual Studio Version 16
VisualStudioVersion = 16.0.29709.97
MinimumVisualStudioVersion = 10.0.40219.1
Project("{FAE04EC0-301F-11D3-BF4B-00C04F79EFBC}") = "ConsoleApp1", "ConsoleApp1.csproj", "{88ADA3F5-D7D4-44AF-9540-94023C8C8A9A}"
EndProject
Global
	GlobalSection(SolutionConfigurationPlatforms) = preSolution
		Debug|Any CPU = Debug|Any CPU
		Release|Any CPU = Release|Any CPU
	EndGlobalSection
	GlobalSection(ProjectConfigurationPlatforms) = postSolution
		{88ADA3F5-D7D4-44AF-9540-94023C8C8A9A}.Debug|Any CPU.ActiveCfg = Debug|Any CPU
		{88ADA3F5-D7D4-44AF-9540-94023C8C8A9A}.Debug|Any CPU.Build.0 = Debug|Any CPU
		{88ADA3F5-D7D4-44AF-9540-94023C8C8A9A}.Release|Any CPU.ActiveCfg = Release|Any CPU
		{88ADA3F5-D7D4-44AF-9540-94023C8C8A9A}.Release|Any CPU.Build.0 = Release|Any CPU
	EndGlobalSection
	GlobalSection(SolutionProperties) = preSolution
		HideSolutionNode = FALSE
	EndGlobalSection
	GlobalSection(ExtensibilityGlobals) = postSolution
		SolutionGuid = {6975460C-F0BE-4FE4-8F11-D77A45A7E062}
	EndGlobalSection
EndGlobal
